<?xml version="1.0" encoding="utf-8"?>
<Project ToolsVersion="4.0" xmlns="http://schemas.microsoft.com/developer/msbuild/2003">
  <ItemGroup>
    <ClCompile Include="src\main.cpp" />
    <ClCompile Include="src\vulkan_utilities.cpp" />
    <ClCompile Include="src\vulkan_demo.cpp" />
    <ClCompile Include="src\allocator.cpp" />
    <ClCompile Include="src\resource_manager.cpp" />
    <ClCompile Include="src\vulkan_initialization.cpp" />
  </ItemGroup>
  <ItemGroup>
    <ClInclude Include="src\vulkan_definitions.h" />
    <ClInclude Include="src\vulkan_utilities.h" />
    <ClInclude Include="src\vulkan_demo.h" />
    <ClInclude Include="src\resource_manager.h" />
    <ClInclude Include="src\allocator.h" />
    <ClInclude Include="src\vulkan_initialization.h" />
  </ItemGroup>
</Project>