<?xml version="1.0" encoding="utf-8"?>
<Project ToolsVersion="4.0" xmlns="http://schemas.microsoft.com/developer/msbuild/2003">
  <ItemGroup>
    <ClCompile Include="src\main.cpp" />
    <ClCompile Include="src\resource_manager.cpp" />
    <ClCompile Include="src\demo.cpp" />
    <ClCompile Include="src\shaders\spirv\model_frag.cpp">
      <Filter>spirv</Filter>
    </ClCompile>
    <ClCompile Include="src\shaders\spirv\model_vert.cpp">
      <Filter>spirv</Filter>
    </ClCompile>
    <ClCompile Include="src\vk.cpp" />
    <ClCompile Include="src\geometry.cpp" />
    <ClCompile Include="src\common.cpp" />
    <ClCompile Include="third_party\include\volk.c">
      <Filter>3rdparty</Filter>
    </ClCompile>
    <ClCompile Include="src\vma_impl.cpp" />
  </ItemGroup>
  <ItemGroup>
    <ClInclude Include="src\resource_manager.h" />
    <ClInclude Include="src\demo.h" />
    <ClInclude Include="src\vk.h" />
    <ClInclude Include="src\geometry.h" />
    <ClInclude Include="src\common.h" />
  </ItemGroup>
  <ItemGroup>
    <Filter Include="spirv">
      <UniqueIdentifier>{1f312f12-54b2-48ec-935c-4e39334a8662}</UniqueIdentifier>
    </Filter>
    <Filter Include="3rdparty">
      <UniqueIdentifier>{e8ccf0b2-0a62-4483-9782-0269fc83579a}</UniqueIdentifier>
    </Filter>
  </ItemGroup>
</Project>